// !$*UTF8*$!
{
	archiveVersion = 1;
	classes = {
	};
	objectVersion = 77;
	objects = {

/* Begin PBXBuildFile section */
		550315952E43902D0098856C /* Assets.xcassets in Resources */ = {isa = PBXBuildFile; fileRef = 550315912E43902D0098856C /* Assets.xcassets */; };
		550315962E43902D0098856C /* ContentView.swift in Sources */ = {isa = PBXBuildFile; fileRef = 550315922E43902D0098856C /* ContentView.swift */; };
		550315972E43902D0098856C /* nativeApp.swift in Sources */ = {isa = PBXBuildFile; fileRef = 550315932E43902D0098856C /* nativeApp.swift */; };
		550315982E43902D0098856C /* ReactViewController.swift in Sources */ = {isa = PBXBuildFile; fileRef = 550315942E43902D0098856C /* ReactViewController.swift */; };
		550F0AB32E4B1F6A007A0CA5 /* RNView.swift in Sources */ = {isa = PBXBuildFile; fileRef = 550F0AB22E4B1F65007A0CA5 /* RNView.swift */; };
		550F0AC12E4B4C8A007A0CA5 /* NavigationModule.swift in Sources */ = {isa = PBXBuildFile; fileRef = 550F0AC02E4B4C8A007A0CA5 /* NavigationModule.swift */; };
		550F0AC22E4B4C8A007A0CA5 /* NavigationModule.m in Sources */ = {isa = PBXBuildFile; fileRef = 550F0ABF2E4B4C8A007A0CA5 /* NavigationModule.m */; };
		5F002ECB8BA60474FF97DD4F /* PrivacyInfo.xcprivacy in Resources */ = {isa = PBXBuildFile; fileRef = 05C9D09A86672391D9A85D73 /* PrivacyInfo.xcprivacy */; };
		6742F6EF48A59F8FC2D07E5F /* libPods-native.a in Frameworks */ = {isa = PBXBuildFile; fileRef = 69D189A2DBBD83E0FC9FB35B /* libPods-native.a */; };
		B92AE3F31D84F59BDE39CD2E /* ExpoModulesProvider.swift in Sources */ = {isa = PBXBuildFile; fileRef = C157E1DE7428FA9AA664A213 /* ExpoModulesProvider.swift */; };
/* End PBXBuildFile section */

/* Begin PBXContainerItemProxy section */
		551920222E426CB900EA90C4 /* PBXContainerItemProxy */ = {
			isa = PBXContainerItemProxy;
			containerPortal = 5519200C2E426CB700EA90C4 /* Project object */;
			proxyType = 1;
			remoteGlobalIDString = 551920132E426CB800EA90C4;
			remoteInfo = native;
		};
		5519202C2E426CB900EA90C4 /* PBXContainerItemProxy */ = {
			isa = PBXContainerItemProxy;
			containerPortal = 5519200C2E426CB700EA90C4 /* Project object */;
			proxyType = 1;
			remoteGlobalIDString = 551920132E426CB800EA90C4;
			remoteInfo = native;
		};
/* End PBXContainerItemProxy section */

/* Begin PBXFileReference section */
		05C9D09A86672391D9A85D73 /* PrivacyInfo.xcprivacy */ = {isa = PBXFileReference; includeInIndex = 1; lastKnownFileType = text.xml; path = PrivacyInfo.xcprivacy; sourceTree = "<group>"; };
		22E8F45D6D8552964E22AA17 /* Pods-native.release.xcconfig */ = {isa = PBXFileReference; includeInIndex = 1; lastKnownFileType = text.xcconfig; name = "Pods-native.release.xcconfig"; path = "Target Support Files/Pods-native/Pods-native.release.xcconfig"; sourceTree = "<group>"; };
		550315912E43902D0098856C /* Assets.xcassets */ = {isa = PBXFileReference; lastKnownFileType = folder.assetcatalog; path = Assets.xcassets; sourceTree = "<group>"; };
		550315922E43902D0098856C /* ContentView.swift */ = {isa = PBXFileReference; lastKnownFileType = sourcecode.swift; path = ContentView.swift; sourceTree = "<group>"; };
		550315932E43902D0098856C /* nativeApp.swift */ = {isa = PBXFileReference; lastKnownFileType = sourcecode.swift; path = nativeApp.swift; sourceTree = "<group>"; };
		550315942E43902D0098856C /* ReactViewController.swift */ = {isa = PBXFileReference; lastKnownFileType = sourcecode.swift; path = ReactViewController.swift; sourceTree = "<group>"; };
		550F0AB02E4B1BA0007A0CA5 /* nativeTests.xctest */ = {isa = PBXFileReference; explicitFileType = wrapper.cfbundle; includeInIndex = 0; path = nativeTests.xctest; sourceTree = BUILT_PRODUCTS_DIR; };
		550F0AB12E4B1BA0007A0CA5 /* nativeUITests.xctest */ = {isa = PBXFileReference; explicitFileType = wrapper.cfbundle; includeInIndex = 0; path = nativeUITests.xctest; sourceTree = BUILT_PRODUCTS_DIR; };
		550F0AB22E4B1F65007A0CA5 /* RNView.swift */ = {isa = PBXFileReference; lastKnownFileType = sourcecode.swift; path = RNView.swift; sourceTree = "<group>"; };
		550F0ABF2E4B4C8A007A0CA5 /* NavigationModule.m */ = {isa = PBXFileReference; lastKnownFileType = sourcecode.c.objc; path = NavigationModule.m; sourceTree = "<group>"; };
		550F0AC02E4B4C8A007A0CA5 /* NavigationModule.swift */ = {isa = PBXFileReference; lastKnownFileType = sourcecode.swift; path = NavigationModule.swift; sourceTree = "<group>"; };
		551920142E426CB800EA90C4 /* native.app */ = {isa = PBXFileReference; explicitFileType = wrapper.application; includeInIndex = 0; path = native.app; sourceTree = BUILT_PRODUCTS_DIR; };
		69D189A2DBBD83E0FC9FB35B /* libPods-native.a */ = {isa = PBXFileReference; explicitFileType = archive.ar; includeInIndex = 0; path = "libPods-native.a"; sourceTree = BUILT_PRODUCTS_DIR; };
		C157E1DE7428FA9AA664A213 /* ExpoModulesProvider.swift */ = {isa = PBXFileReference; includeInIndex = 1; lastKnownFileType = sourcecode.swift; name = ExpoModulesProvider.swift; path = "Pods/Target Support Files/Pods-native/ExpoModulesProvider.swift"; sourceTree = "<group>"; };
		C7CFD49F6CFA2F7E5ADAF4D7 /* Pods-native.debug.xcconfig */ = {isa = PBXFileReference; includeInIndex = 1; lastKnownFileType = text.xcconfig; name = "Pods-native.debug.xcconfig"; path = "Target Support Files/Pods-native/Pods-native.debug.xcconfig"; sourceTree = "<group>"; };
/* End PBXFileReference section */

/* Begin PBXFrameworksBuildPhase section */
		551920112E426CB800EA90C4 /* Frameworks */ = {
			isa = PBXFrameworksBuildPhase;
			buildActionMask = 2147483647;
			files = (
				6742F6EF48A59F8FC2D07E5F /* libPods-native.a in Frameworks */,
			);
			runOnlyForDeploymentPostprocessing = 0;
		};
		5519201E2E426CB900EA90C4 /* Frameworks */ = {
			isa = PBXFrameworksBuildPhase;
			buildActionMask = 2147483647;
			files = (
			);
			runOnlyForDeploymentPostprocessing = 0;
		};
		551920282E426CB900EA90C4 /* Frameworks */ = {
			isa = PBXFrameworksBuildPhase;
			buildActionMask = 2147483647;
			files = (
			);
			runOnlyForDeploymentPostprocessing = 0;
		};
/* End PBXFrameworksBuildPhase section */

/* Begin PBXGroup section */
		00AC95EFD8C0479A7BCF8B10 /* ExpoModulesProviders */ = {
			isa = PBXGroup;
			children = (
				48392787A3618BD51305611B /* native */,
			);
			name = ExpoModulesProviders;
			sourceTree = "<group>";
		};
		48392787A3618BD51305611B /* native */ = {
			isa = PBXGroup;
			children = (
				C157E1DE7428FA9AA664A213 /* ExpoModulesProvider.swift */,
			);
			name = native;
			sourceTree = "<group>";
		};
		5519200B2E426CB700EA90C4 = {
			isa = PBXGroup;
			children = (
				550F0ABF2E4B4C8A007A0CA5 /* NavigationModule.m */,
				550F0AC02E4B4C8A007A0CA5 /* NavigationModule.swift */,
				550F0AB22E4B1F65007A0CA5 /* RNView.swift */,
				550315912E43902D0098856C /* Assets.xcassets */,
				550315922E43902D0098856C /* ContentView.swift */,
				550315932E43902D0098856C /* nativeApp.swift */,
				550315942E43902D0098856C /* ReactViewController.swift */,
				551920152E426CB800EA90C4 /* Products */,
				05C9D09A86672391D9A85D73 /* PrivacyInfo.xcprivacy */,
				A4B2E8DBB79A45A502A98C7D /* Pods */,
				6008F813B5D04AE454127CA0 /* Frameworks */,
				00AC95EFD8C0479A7BCF8B10 /* ExpoModulesProviders */,
			);
			sourceTree = "<group>";
		};
		551920152E426CB800EA90C4 /* Products */ = {
			isa = PBXGroup;
			children = (
				551920142E426CB800EA90C4 /* native.app */,
				550F0AB02E4B1BA0007A0CA5 /* nativeTests.xctest */,
				550F0AB12E4B1BA0007A0CA5 /* nativeUITests.xctest */,
			);
			name = Products;
			sourceTree = "<group>";
		};
		6008F813B5D04AE454127CA0 /* Frameworks */ = {
			isa = PBXGroup;
			children = (
				69D189A2DBBD83E0FC9FB35B /* libPods-native.a */,
			);
			name = Frameworks;
			sourceTree = "<group>";
		};
		A4B2E8DBB79A45A502A98C7D /* Pods */ = {
			isa = PBXGroup;
			children = (
				C7CFD49F6CFA2F7E5ADAF4D7 /* Pods-native.debug.xcconfig */,
				22E8F45D6D8552964E22AA17 /* Pods-native.release.xcconfig */,
			);
			path = Pods;
			sourceTree = "<group>";
		};
/* End PBXGroup section */

/* Begin PBXNativeTarget section */
		551920132E426CB800EA90C4 /* native */ = {
			isa = PBXNativeTarget;
			buildConfigurationList = 551920352E426CB900EA90C4 /* Build configuration list for PBXNativeTarget "native" */;
			buildPhases = (
				39DA1EA07B14FB58AD57F4C9 /* [CP] Check Pods Manifest.lock */,
				C4B4EFCFE968C10BA43A565B /* [Expo] Configure project */,
				551920102E426CB800EA90C4 /* Sources */,
				551920112E426CB800EA90C4 /* Frameworks */,
				551920122E426CB800EA90C4 /* Resources */,
				5CEE5F272D1137F794CB75C4 /* [CP] Copy Pods Resources */,
				DA877B96D0A8FD75DD947CEE /* [CP] Embed Pods Frameworks */,
			);
			buildRules = (
			);
			dependencies = (
			);
			name = native;
			productName = native;
			productReference = 551920142E426CB800EA90C4 /* native.app */;
			productType = "com.apple.product-type.application";
		};
		551920202E426CB900EA90C4 /* nativeTests */ = {
			isa = PBXNativeTarget;
			buildConfigurationList = 551920382E426CB900EA90C4 /* Build configuration list for PBXNativeTarget "nativeTests" */;
			buildPhases = (
				5519201D2E426CB900EA90C4 /* Sources */,
				5519201E2E426CB900EA90C4 /* Frameworks */,
				5519201F2E426CB900EA90C4 /* Resources */,
			);
			buildRules = (
			);
			dependencies = (
				551920232E426CB900EA90C4 /* PBXTargetDependency */,
			);
			name = nativeTests;
			productName = nativeTests;
			productReference = 550F0AB02E4B1BA0007A0CA5 /* nativeTests.xctest */;
			productType = "com.apple.product-type.bundle.unit-test";
		};
		5519202A2E426CB900EA90C4 /* nativeUITests */ = {
			isa = PBXNativeTarget;
			buildConfigurationList = 5519203B2E426CB900EA90C4 /* Build configuration list for PBXNativeTarget "nativeUITests" */;
			buildPhases = (
				551920272E426CB900EA90C4 /* Sources */,
				551920282E426CB900EA90C4 /* Frameworks */,
				551920292E426CB900EA90C4 /* Resources */,
			);
			buildRules = (
			);
			dependencies = (
				5519202D2E426CB900EA90C4 /* PBXTargetDependency */,
			);
			name = nativeUITests;
			productName = nativeUITests;
			productReference = 550F0AB12E4B1BA0007A0CA5 /* nativeUITests.xctest */;
			productType = "com.apple.product-type.bundle.ui-testing";
		};
/* End PBXNativeTarget section */

/* Begin PBXProject section */
		5519200C2E426CB700EA90C4 /* Project object */ = {
			isa = PBXProject;
			attributes = {
				BuildIndependentTargetsInParallel = 1;
				LastSwiftUpdateCheck = 1640;
				LastUpgradeCheck = 1640;
				TargetAttributes = {
					551920132E426CB800EA90C4 = {
						CreatedOnToolsVersion = 16.4;
						LastSwiftMigration = 1640;
					};
					551920202E426CB900EA90C4 = {
						CreatedOnToolsVersion = 16.4;
						TestTargetID = 551920132E426CB800EA90C4;
					};
					5519202A2E426CB900EA90C4 = {
						CreatedOnToolsVersion = 16.4;
						TestTargetID = 551920132E426CB800EA90C4;
					};
				};
			};
			buildConfigurationList = 5519200F2E426CB700EA90C4 /* Build configuration list for PBXProject "native" */;
			developmentRegion = en;
			hasScannedForEncodings = 0;
			knownRegions = (
				en,
				Base,
			);
			mainGroup = 5519200B2E426CB700EA90C4;
			minimizedProjectReferenceProxies = 1;
			preferredProjectObjectVersion = 77;
			productRefGroup = 551920152E426CB800EA90C4 /* Products */;
			projectDirPath = "";
			projectRoot = "";
			targets = (
				551920132E426CB800EA90C4 /* native */,
				551920202E426CB900EA90C4 /* nativeTests */,
				5519202A2E426CB900EA90C4 /* nativeUITests */,
			);
		};
/* End PBXProject section */

/* Begin PBXResourcesBuildPhase section */
		551920122E426CB800EA90C4 /* Resources */ = {
			isa = PBXResourcesBuildPhase;
			buildActionMask = 2147483647;
			files = (
				550315952E43902D0098856C /* Assets.xcassets in Resources */,
				5F002ECB8BA60474FF97DD4F /* PrivacyInfo.xcprivacy in Resources */,
			);
			runOnlyForDeploymentPostprocessing = 0;
		};
		5519201F2E426CB900EA90C4 /* Resources */ = {
			isa = PBXResourcesBuildPhase;
			buildActionMask = 2147483647;
			files = (
			);
			runOnlyForDeploymentPostprocessing = 0;
		};
		551920292E426CB900EA90C4 /* Resources */ = {
			isa = PBXResourcesBuildPhase;
			buildActionMask = 2147483647;
			files = (
			);
			runOnlyForDeploymentPostprocessing = 0;
		};
/* End PBXResourcesBuildPhase section */

/* Begin PBXShellScriptBuildPhase section */
		39DA1EA07B14FB58AD57F4C9 /* [CP] Check Pods Manifest.lock */ = {
			isa = PBXShellScriptBuildPhase;
			buildActionMask = 2147483647;
			files = (
			);
			inputFileListPaths = (
			);
			inputPaths = (
				"${PODS_PODFILE_DIR_PATH}/Podfile.lock",
				"${PODS_ROOT}/Manifest.lock",
			);
			name = "[CP] Check Pods Manifest.lock";
			outputFileListPaths = (
			);
			outputPaths = (
				"$(DERIVED_FILE_DIR)/Pods-native-checkManifestLockResult.txt",
			);
			runOnlyForDeploymentPostprocessing = 0;
			shellPath = /bin/sh;
			shellScript = "diff \"${PODS_PODFILE_DIR_PATH}/Podfile.lock\" \"${PODS_ROOT}/Manifest.lock\" > /dev/null\nif [ $? != 0 ] ; then\n    # print error to STDERR\n    echo \"error: The sandbox is not in sync with the Podfile.lock. Run 'pod install' or update your CocoaPods installation.\" >&2\n    exit 1\nfi\n# This output is used by Xcode 'outputs' to avoid re-running this script phase.\necho \"SUCCESS\" > \"${SCRIPT_OUTPUT_FILE_0}\"\n";
			showEnvVarsInLog = 0;
		};
		5CEE5F272D1137F794CB75C4 /* [CP] Copy Pods Resources */ = {
			isa = PBXShellScriptBuildPhase;
			buildActionMask = 2147483647;
			files = (
			);
			inputFileListPaths = (
				"${PODS_ROOT}/Target Support Files/Pods-native/Pods-native-resources-${CONFIGURATION}-input-files.xcfilelist",
			);
			inputPaths = (
			);
			name = "[CP] Copy Pods Resources";
			outputFileListPaths = (
				"${PODS_ROOT}/Target Support Files/Pods-native/Pods-native-resources-${CONFIGURATION}-output-files.xcfilelist",
			);
			outputPaths = (
			);
			runOnlyForDeploymentPostprocessing = 0;
			shellPath = /bin/sh;
			shellScript = "\"${PODS_ROOT}/Target Support Files/Pods-native/Pods-native-resources.sh\"\n";
			showEnvVarsInLog = 0;
		};
		C4B4EFCFE968C10BA43A565B /* [Expo] Configure project */ = {
			isa = PBXShellScriptBuildPhase;
			alwaysOutOfDate = 1;
			buildActionMask = 2147483647;
			files = (
			);
			inputFileListPaths = (
			);
			inputPaths = (
			);
			name = "[Expo] Configure project";
			outputFileListPaths = (
			);
			outputPaths = (
			);
			runOnlyForDeploymentPostprocessing = 0;
			shellPath = /bin/sh;
			shellScript = "# This script configures Expo modules and generates the modules provider file.\nbash -l -c \"./Pods/Target\\ Support\\ Files/Pods-native/expo-configure-project.sh\"\n";
		};
		DA877B96D0A8FD75DD947CEE /* [CP] Embed Pods Frameworks */ = {
			isa = PBXShellScriptBuildPhase;
			buildActionMask = 2147483647;
			files = (
			);
			inputFileListPaths = (
				"${PODS_ROOT}/Target Support Files/Pods-native/Pods-native-frameworks-${CONFIGURATION}-input-files.xcfilelist",
			);
			inputPaths = (
			);
			name = "[CP] Embed Pods Frameworks";
			outputFileListPaths = (
				"${PODS_ROOT}/Target Support Files/Pods-native/Pods-native-frameworks-${CONFIGURATION}-output-files.xcfilelist",
			);
			outputPaths = (
			);
			runOnlyForDeploymentPostprocessing = 0;
			shellPath = /bin/sh;
			shellScript = "\"${PODS_ROOT}/Target Support Files/Pods-native/Pods-native-frameworks.sh\"\n";
			showEnvVarsInLog = 0;
		};
/* End PBXShellScriptBuildPhase section */

/* Begin PBXSourcesBuildPhase section */
		551920102E426CB800EA90C4 /* Sources */ = {
			isa = PBXSourcesBuildPhase;
			buildActionMask = 2147483647;
			files = (
				550F0AC12E4B4C8A007A0CA5 /* NavigationModule.swift in Sources */,
				550F0AC22E4B4C8A007A0CA5 /* NavigationModule.m in Sources */,
				550315962E43902D0098856C /* ContentView.swift in Sources */,
				550F0AB32E4B1F6A007A0CA5 /* RNView.swift in Sources */,
				550315972E43902D0098856C /* nativeApp.swift in Sources */,
				550315982E43902D0098856C /* ReactViewController.swift in Sources */,
				B92AE3F31D84F59BDE39CD2E /* ExpoModulesProvider.swift in Sources */,
			);
			runOnlyForDeploymentPostprocessing = 0;
		};
		5519201D2E426CB900EA90C4 /* Sources */ = {
			isa = PBXSourcesBuildPhase;
			buildActionMask = 2147483647;
			files = (
			);
			runOnlyForDeploymentPostprocessing = 0;
		};
		551920272E426CB900EA90C4 /* Sources */ = {
			isa = PBXSourcesBuildPhase;
			buildActionMask = 2147483647;
			files = (
			);
			runOnlyForDeploymentPostprocessing = 0;
		};
/* End PBXSourcesBuildPhase section */

/* Begin PBXTargetDependency section */
		551920232E426CB900EA90C4 /* PBXTargetDependency */ = {
			isa = PBXTargetDependency;
			target = 551920132E426CB800EA90C4 /* native */;
			targetProxy = 551920222E426CB900EA90C4 /* PBXContainerItemProxy */;
		};
		5519202D2E426CB900EA90C4 /* PBXTargetDependency */ = {
			isa = PBXTargetDependency;
			target = 551920132E426CB800EA90C4 /* native */;
			targetProxy = 5519202C2E426CB900EA90C4 /* PBXContainerItemProxy */;
		};
/* End PBXTargetDependency section */

/* Begin XCBuildConfiguration section */
		551920332E426CB900EA90C4 /* Debug */ = {
			isa = XCBuildConfiguration;
			buildSettings = {
				ALWAYS_SEARCH_USER_PATHS = NO;
				ASSETCATALOG_COMPILER_GENERATE_SWIFT_ASSET_SYMBOL_EXTENSIONS = YES;
				CC = "";
				CLANG_ANALYZER_NONNULL = YES;
				CLANG_ANALYZER_NUMBER_OBJECT_CONVERSION = YES_AGGRESSIVE;
				CLANG_CXX_LANGUAGE_STANDARD = "c++20";
				CLANG_ENABLE_MODULES = YES;
				CLANG_ENABLE_OBJC_ARC = YES;
				CLANG_ENABLE_OBJC_WEAK = YES;
				CLANG_WARN_BLOCK_CAPTURE_AUTORELEASING = YES;
				CLANG_WARN_BOOL_CONVERSION = YES;
				CLANG_WARN_COMMA = YES;
				CLANG_WARN_CONSTANT_CONVERSION = YES;
				CLANG_WARN_DEPRECATED_OBJC_IMPLEMENTATIONS = YES;
				CLANG_WARN_DIRECT_OBJC_ISA_USAGE = YES_ERROR;
				CLANG_WARN_DOCUMENTATION_COMMENTS = YES;
				CLANG_WARN_EMPTY_BODY = YES;
				CLANG_WARN_ENUM_CONVERSION = YES;
				CLANG_WARN_INFINITE_RECURSION = YES;
				CLANG_WARN_INT_CONVERSION = YES;
				CLANG_WARN_NON_LITERAL_NULL_CONVERSION = YES;
				CLANG_WARN_OBJC_IMPLICIT_RETAIN_SELF = YES;
				CLANG_WARN_OBJC_LITERAL_CONVERSION = YES;
				CLANG_WARN_OBJC_ROOT_CLASS = YES_ERROR;
				CLANG_WARN_QUOTED_INCLUDE_IN_FRAMEWORK_HEADER = YES;
				CLANG_WARN_RANGE_LOOP_ANALYSIS = YES;
				CLANG_WARN_STRICT_PROTOTYPES = YES;
				CLANG_WARN_SUSPICIOUS_MOVE = YES;
				CLANG_WARN_UNGUARDED_AVAILABILITY = YES_AGGRESSIVE;
				CLANG_WARN_UNREACHABLE_CODE = YES;
				CLANG_WARN__DUPLICATE_METHOD_MATCH = YES;
				COPY_PHASE_STRIP = NO;
				CXX = "";
				DEBUG_INFORMATION_FORMAT = dwarf;
				DEVELOPMENT_TEAM = SR6NS4SQQ4;
				ENABLE_STRICT_OBJC_MSGSEND = YES;
				ENABLE_TESTABILITY = YES;
				ENABLE_USER_SCRIPT_SANDBOXING = YES;
				GCC_C_LANGUAGE_STANDARD = gnu17;
				GCC_DYNAMIC_NO_PIC = NO;
				GCC_NO_COMMON_BLOCKS = YES;
				GCC_OPTIMIZATION_LEVEL = 0;
				GCC_PREPROCESSOR_DEFINITIONS = (
					"DEBUG=1",
					"$(inherited)",
				);
				GCC_WARN_64_TO_32_BIT_CONVERSION = YES;
				GCC_WARN_ABOUT_RETURN_TYPE = YES_ERROR;
				GCC_WARN_UNDECLARED_SELECTOR = YES;
				GCC_WARN_UNINITIALIZED_AUTOS = YES_AGGRESSIVE;
				GCC_WARN_UNUSED_FUNCTION = YES;
				GCC_WARN_UNUSED_VARIABLE = YES;
				IPHONEOS_DEPLOYMENT_TARGET = 18.5;
				LD = "";
				LDPLUSPLUS = "";
				LOCALIZATION_PREFERS_STRING_CATALOGS = YES;
				MTL_ENABLE_DEBUG_INFO = INCLUDE_SOURCE;
				MTL_FAST_MATH = YES;
				ONLY_ACTIVE_ARCH = YES;
				OTHER_LDFLAGS = "$(inherited)  ";
				REACT_NATIVE_PATH = "${PODS_ROOT}/.././node_modules/react-native";
				SDKROOT = iphoneos;
				SWIFT_ACTIVE_COMPILATION_CONDITIONS = "$(inherited) DEBUG";
				SWIFT_OPTIMIZATION_LEVEL = "-Onone";
				USE_HERMES = true;
			};
			name = Debug;
		};
		551920342E426CB900EA90C4 /* Release */ = {
			isa = XCBuildConfiguration;
			buildSettings = {
				ALWAYS_SEARCH_USER_PATHS = NO;
				ASSETCATALOG_COMPILER_GENERATE_SWIFT_ASSET_SYMBOL_EXTENSIONS = YES;
				CC = "";
				CLANG_ANALYZER_NONNULL = YES;
				CLANG_ANALYZER_NUMBER_OBJECT_CONVERSION = YES_AGGRESSIVE;
				CLANG_CXX_LANGUAGE_STANDARD = "c++20";
				CLANG_ENABLE_MODULES = YES;
				CLANG_ENABLE_OBJC_ARC = YES;
				CLANG_ENABLE_OBJC_WEAK = YES;
				CLANG_WARN_BLOCK_CAPTURE_AUTORELEASING = YES;
				CLANG_WARN_BOOL_CONVERSION = YES;
				CLANG_WARN_COMMA = YES;
				CLANG_WARN_CONSTANT_CONVERSION = YES;
				CLANG_WARN_DEPRECATED_OBJC_IMPLEMENTATIONS = YES;
				CLANG_WARN_DIRECT_OBJC_ISA_USAGE = YES_ERROR;
				CLANG_WARN_DOCUMENTATION_COMMENTS = YES;
				CLANG_WARN_EMPTY_BODY = YES;
				CLANG_WARN_ENUM_CONVERSION = YES;
				CLANG_WARN_INFINITE_RECURSION = YES;
				CLANG_WARN_INT_CONVERSION = YES;
				CLANG_WARN_NON_LITERAL_NULL_CONVERSION = YES;
				CLANG_WARN_OBJC_IMPLICIT_RETAIN_SELF = YES;
				CLANG_WARN_OBJC_LITERAL_CONVERSION = YES;
				CLANG_WARN_OBJC_ROOT_CLASS = YES_ERROR;
				CLANG_WARN_QUOTED_INCLUDE_IN_FRAMEWORK_HEADER = YES;
				CLANG_WARN_RANGE_LOOP_ANALYSIS = YES;
				CLANG_WARN_STRICT_PROTOTYPES = YES;
				CLANG_WARN_SUSPICIOUS_MOVE = YES;
				CLANG_WARN_UNGUARDED_AVAILABILITY = YES_AGGRESSIVE;
				CLANG_WARN_UNREACHABLE_CODE = YES;
				CLANG_WARN__DUPLICATE_METHOD_MATCH = YES;
				COPY_PHASE_STRIP = NO;
				CXX = "";
				DEBUG_INFORMATION_FORMAT = "dwarf-with-dsym";
				DEVELOPMENT_TEAM = SR6NS4SQQ4;
				ENABLE_NS_ASSERTIONS = NO;
				ENABLE_STRICT_OBJC_MSGSEND = YES;
				ENABLE_USER_SCRIPT_SANDBOXING = YES;
				GCC_C_LANGUAGE_STANDARD = gnu17;
				GCC_NO_COMMON_BLOCKS = YES;
				GCC_WARN_64_TO_32_BIT_CONVERSION = YES;
				GCC_WARN_ABOUT_RETURN_TYPE = YES_ERROR;
				GCC_WARN_UNDECLARED_SELECTOR = YES;
				GCC_WARN_UNINITIALIZED_AUTOS = YES_AGGRESSIVE;
				GCC_WARN_UNUSED_FUNCTION = YES;
				GCC_WARN_UNUSED_VARIABLE = YES;
				IPHONEOS_DEPLOYMENT_TARGET = 18.5;
				LD = "";
				LDPLUSPLUS = "";
				LOCALIZATION_PREFERS_STRING_CATALOGS = YES;
				MTL_ENABLE_DEBUG_INFO = NO;
				MTL_FAST_MATH = YES;
				OTHER_LDFLAGS = "$(inherited)  ";
				REACT_NATIVE_PATH = "${PODS_ROOT}/.././node_modules/react-native";
				SDKROOT = iphoneos;
				SWIFT_COMPILATION_MODE = wholemodule;
				USE_HERMES = true;
				VALIDATE_PRODUCT = YES;
			};
			name = Release;
		};
		551920362E426CB900EA90C4 /* Debug */ = {
			isa = XCBuildConfiguration;
			baseConfigurationReference = C7CFD49F6CFA2F7E5ADAF4D7 /* Pods-native.debug.xcconfig */;
			buildSettings = {
				ASSETCATALOG_COMPILER_APPICON_NAME = AppIcon;
				ASSETCATALOG_COMPILER_GLOBAL_ACCENT_COLOR_NAME = AccentColor;
				CLANG_ENABLE_MODULES = YES;
				CODE_SIGN_STYLE = Automatic;
				CURRENT_PROJECT_VERSION = 1;
				DEVELOPMENT_TEAM = SR6NS4SQQ4;
				ENABLE_PREVIEWS = YES;
				ENABLE_USER_SCRIPT_SANDBOXING = NO;
				GENERATE_INFOPLIST_FILE = YES;
				INFOPLIST_KEY_NSCameraUsageDescription = "Allow Native to access your camera";
				INFOPLIST_KEY_UIApplicationSceneManifest_Generation = YES;
				INFOPLIST_KEY_UIApplicationSupportsIndirectInputEvents = YES;
				INFOPLIST_KEY_UILaunchScreen_Generation = YES;
				INFOPLIST_KEY_UISupportedInterfaceOrientations_iPad = "UIInterfaceOrientationPortrait UIInterfaceOrientationPortraitUpsideDown UIInterfaceOrientationLandscapeLeft UIInterfaceOrientationLandscapeRight";
				INFOPLIST_KEY_UISupportedInterfaceOrientations_iPhone = "UIInterfaceOrientationPortrait UIInterfaceOrientationLandscapeLeft UIInterfaceOrientationLandscapeRight";
				LD_RUNPATH_SEARCH_PATHS = (
					"$(inherited)",
					"@executable_path/Frameworks",
				);
				MARKETING_VERSION = 1.0;
				OTHER_SWIFT_FLAGS = "$(inherited) -D EXPO_CONFIGURATION_DEBUG";
				PRODUCT_BUNDLE_IDENTIFIER = com.dstavv.native;
				PRODUCT_NAME = "$(TARGET_NAME)";
				SUPPORTED_PLATFORMS = "iphoneos iphonesimulator";
				SUPPORTS_MACCATALYST = NO;
				SUPPORTS_MAC_DESIGNED_FOR_IPHONE_IPAD = NO;
				SUPPORTS_XR_DESIGNED_FOR_IPHONE_IPAD = NO;
				SWIFT_EMIT_LOC_STRINGS = YES;
				SWIFT_OPTIMIZATION_LEVEL = "-Onone";
				SWIFT_VERSION = 5.0;
				TARGETED_DEVICE_FAMILY = 1;
			};
			name = Debug;
		};
		551920372E426CB900EA90C4 /* Release */ = {
			isa = XCBuildConfiguration;
			baseConfigurationReference = 22E8F45D6D8552964E22AA17 /* Pods-native.release.xcconfig */;
			buildSettings = {
				ASSETCATALOG_COMPILER_APPICON_NAME = AppIcon;
				ASSETCATALOG_COMPILER_GLOBAL_ACCENT_COLOR_NAME = AccentColor;
				CLANG_ENABLE_MODULES = YES;
				CODE_SIGN_STYLE = Automatic;
				CURRENT_PROJECT_VERSION = 1;
				DEVELOPMENT_TEAM = SR6NS4SQQ4;
				ENABLE_PREVIEWS = YES;
				ENABLE_USER_SCRIPT_SANDBOXING = NO;
				GENERATE_INFOPLIST_FILE = YES;
				INFOPLIST_KEY_NSCameraUsageDescription = "Allow Native to access your camera";
				INFOPLIST_KEY_UIApplicationSceneManifest_Generation = YES;
				INFOPLIST_KEY_UIApplicationSupportsIndirectInputEvents = YES;
				INFOPLIST_KEY_UILaunchScreen_Generation = YES;
				INFOPLIST_KEY_UISupportedInterfaceOrientations_iPad = "UIInterfaceOrientationPortrait UIInterfaceOrientationPortraitUpsideDown UIInterfaceOrientationLandscapeLeft UIInterfaceOrientationLandscapeRight";
				INFOPLIST_KEY_UISupportedInterfaceOrientations_iPhone = "UIInterfaceOrientationPortrait UIInterfaceOrientationLandscapeLeft UIInterfaceOrientationLandscapeRight";
				LD_RUNPATH_SEARCH_PATHS = (
					"$(inherited)",
					"@executable_path/Frameworks",
				);
				MARKETING_VERSION = 1.0;
				OTHER_SWIFT_FLAGS = "$(inherited) -D EXPO_CONFIGURATION_RELEASE";
				PRODUCT_BUNDLE_IDENTIFIER = com.dstavv.native;
				PRODUCT_NAME = "$(TARGET_NAME)";
				SUPPORTED_PLATFORMS = "iphoneos iphonesimulator";
				SUPPORTS_MACCATALYST = NO;
				SUPPORTS_MAC_DESIGNED_FOR_IPHONE_IPAD = NO;
				SUPPORTS_XR_DESIGNED_FOR_IPHONE_IPAD = NO;
				SWIFT_EMIT_LOC_STRINGS = YES;
				SWIFT_VERSION = 5.0;
				TARGETED_DEVICE_FAMILY = 1;
			};
			name = Release;
		};
		551920392E426CB900EA90C4 /* Debug */ = {
			isa = XCBuildConfiguration;
			buildSettings = {
				BUNDLE_LOADER = "$(TEST_HOST)";
				CODE_SIGN_STYLE = Automatic;
				CURRENT_PROJECT_VERSION = 1;
				DEVELOPMENT_TEAM = SR6NS4SQQ4;
				GENERATE_INFOPLIST_FILE = YES;
				IPHONEOS_DEPLOYMENT_TARGET = 18.5;
				MARKETING_VERSION = 1.0;
				OTHER_SWIFT_FLAGS = "$(inherited) -D EXPO_CONFIGURATION_DEBUG";
				PRODUCT_BUNDLE_IDENTIFIER = com.dstavv.nativeTests;
				PRODUCT_NAME = "$(TARGET_NAME)";
				SWIFT_EMIT_LOC_STRINGS = NO;
				SWIFT_VERSION = 5.0;
				TARGETED_DEVICE_FAMILY = "1,2";
				TEST_HOST = "$(BUILT_PRODUCTS_DIR)/native.app/$(BUNDLE_EXECUTABLE_FOLDER_PATH)/native";
			};
			name = Debug;
		};
		5519203A2E426CB900EA90C4 /* Release */ = {
			isa = XCBuildConfiguration;
			buildSettings = {
				BUNDLE_LOADER = "$(TEST_HOST)";
				CODE_SIGN_STYLE = Automatic;
				CURRENT_PROJECT_VERSION = 1;
				DEVELOPMENT_TEAM = SR6NS4SQQ4;
				GENERATE_INFOPLIST_FILE = YES;
				IPHONEOS_DEPLOYMENT_TARGET = 18.5;
				MARKETING_VERSION = 1.0;
				OTHER_SWIFT_FLAGS = "$(inherited) -D EXPO_CONFIGURATION_RELEASE";
				PRODUCT_BUNDLE_IDENTIFIER = com.dstavv.nativeTests;
				PRODUCT_NAME = "$(TARGET_NAME)";
				SWIFT_EMIT_LOC_STRINGS = NO;
				SWIFT_VERSION = 5.0;
				TARGETED_DEVICE_FAMILY = "1,2";
				TEST_HOST = "$(BUILT_PRODUCTS_DIR)/native.app/$(BUNDLE_EXECUTABLE_FOLDER_PATH)/native";
			};
			name = Release;
		};
		5519203C2E426CB900EA90C4 /* Debug */ = {
			isa = XCBuildConfiguration;
			buildSettings = {
				CODE_SIGN_STYLE = Automatic;
				CURRENT_PROJECT_VERSION = 1;
				DEVELOPMENT_TEAM = SR6NS4SQQ4;
				GENERATE_INFOPLIST_FILE = YES;
				MARKETING_VERSION = 1.0;
				OTHER_SWIFT_FLAGS = "$(inherited) -D EXPO_CONFIGURATION_DEBUG";
				PRODUCT_BUNDLE_IDENTIFIER = com.dstavv.nativeUITests;
				PRODUCT_NAME = "$(TARGET_NAME)";
				SWIFT_EMIT_LOC_STRINGS = NO;
				SWIFT_VERSION = 5.0;
				TARGETED_DEVICE_FAMILY = "1,2";
				TEST_TARGET_NAME = native;
			};
			name = Debug;
		};
		5519203D2E426CB900EA90C4 /* Release */ = {
			isa = XCBuildConfiguration;
			buildSettings = {
				CODE_SIGN_STYLE = Automatic;
				CURRENT_PROJECT_VERSION = 1;
				DEVELOPMENT_TEAM = SR6NS4SQQ4;
				GENERATE_INFOPLIST_FILE = YES;
				MARKETING_VERSION = 1.0;
				OTHER_SWIFT_FLAGS = "$(inherited) -D EXPO_CONFIGURATION_RELEASE";
				PRODUCT_BUNDLE_IDENTIFIER = com.dstavv.nativeUITests;
				PRODUCT_NAME = "$(TARGET_NAME)";
				SWIFT_EMIT_LOC_STRINGS = NO;
				SWIFT_VERSION = 5.0;
				TARGETED_DEVICE_FAMILY = "1,2";
				TEST_TARGET_NAME = native;
			};
			name = Release;
		};
/* End XCBuildConfiguration section */

/* Begin XCConfigurationList section */
		5519200F2E426CB700EA90C4 /* Build configuration list for PBXProject "native" */ = {
			isa = XCConfigurationList;
			buildConfigurations = (
				551920332E426CB900EA90C4 /* Debug */,
				551920342E426CB900EA90C4 /* Release */,
			);
			defaultConfigurationIsVisible = 0;
			defaultConfigurationName = Release;
		};
		551920352E426CB900EA90C4 /* Build configuration list for PBXNativeTarget "native" */ = {
			isa = XCConfigurationList;
			buildConfigurations = (
				551920362E426CB900EA90C4 /* Debug */,
				551920372E426CB900EA90C4 /* Release */,
			);
			defaultConfigurationIsVisible = 0;
			defaultConfigurationName = Release;
		};
		551920382E426CB900EA90C4 /* Build configuration list for PBXNativeTarget "nativeTests" */ = {
			isa = XCConfigurationList;
			buildConfigurations = (
				551920392E426CB900EA90C4 /* Debug */,
				5519203A2E426CB900EA90C4 /* Release */,
			);
			defaultConfigurationIsVisible = 0;
			defaultConfigurationName = Release;
		};
		5519203B2E426CB900EA90C4 /* Build configuration list for PBXNativeTarget "nativeUITests" */ = {
			isa = XCConfigurationList;
			buildConfigurations = (
				5519203C2E426CB900EA90C4 /* Debug */,
				5519203D2E426CB900EA90C4 /* Release */,
			);
			defaultConfigurationIsVisible = 0;
			defaultConfigurationName = Release;
		};
/* End XCConfigurationList section */
	};
	rootObject = 5519200C2E426CB700EA90C4 /* Project object */;
}
